
Microsoft Visual Studio Solution File, Format Version 12.00
# Visual Studio Version 17
VisualStudioVersion = 17.8.34511.84
MinimumVisualStudioVersion = 10.0.40219.1
Project("{FAE04EC0-301F-11D3-BF4B-00C04F79EFBC}") = "Funciones", "Funciones\Funciones.csproj", "{A66BC760-AB78-4115-BDDF-A6D315386D67}"
EndProject
Project("{2150E333-8FDC-42A3-9474-1A3956D46DE8}") = "Backend", "Backend", "{FD8BE549-5016-4BDC-BA39-794DF0441F2E}"
EndProject
Project("{2150E333-8FDC-42A3-9474-1A3956D46DE8}") = "Frontend", "Frontend", "{E0931FDE-CC4B-4ED1-8A83-B50C3FDFBD54}"
EndProject
Global
	GlobalSection(SolutionConfigurationPlatforms) = preSolution
		Debug|Any CPU = Debug|Any CPU
		Release|Any CPU = Release|Any CPU
	EndGlobalSection
	GlobalSection(ProjectConfigurationPlatforms) = postSolution
		{A66BC760-AB78-4115-BDDF-A6D315386D67}.Debug|Any CPU.ActiveCfg = Debug|Any CPU
		{A66BC760-AB78-4115-BDDF-A6D315386D67}.Debug|Any CPU.Build.0 = Debug|Any CPU
		{A66BC760-AB78-4115-BDDF-A6D315386D67}.Release|Any CPU.ActiveCfg = Release|Any CPU
		{A66BC760-AB78-4115-BDDF-A6D315386D67}.Release|Any CPU.Build.0 = Release|Any CPU
	EndGlobalSection
	GlobalSection(SolutionProperties) = preSolution
		HideSolutionNode = FALSE
	EndGlobalSection
	GlobalSection(NestedProjects) = preSolution
		{A66BC760-AB78-4115-BDDF-A6D315386D67} = {FD8BE549-5016-4BDC-BA39-794DF0441F2E}
	EndGlobalSection
	GlobalSection(ExtensibilityGlobals) = postSolution
		SolutionGuid = {48C9ED62-D653-44B0-AFE4-C0F4DD1D2ADC}
	EndGlobalSection
EndGlobal
